
Microsoft Visual Studio Solution File, Format Version 12.00
# Visual Studio 2012
Project("{FAE04EC0-301F-11D3-BF4B-00C04F79EFBC}") = "WPFLayoutDemo", "WPFLayoutDemo\WPFLayoutDemo.csproj", "{5371E51A-00D1-4AE0-919E-F0271C403A79}"
EndProject
Project("{FAE04EC0-301F-11D3-BF4B-00C04F79EFBC}") = "CustomLayoutControl", "CustomLayoutControl\CustomLayoutControl.csproj", "{53FEA319-6F18-4735-804F-A2D0342CD57E}"
EndProject
Project("{FAE04EC0-301F-11D3-BF4B-00C04F79EFBC}") = "TestCustomerPanel", "TestCustomerPanel\TestCustomerPanel.csproj", "{B1C37104-922C-4F16-AA44-59F2EE3F7880}"
EndProject
Global
	GlobalSection(SolutionConfigurationPlatforms) = preSolution
		Debug|Any CPU = Debug|Any CPU
		Release|Any CPU = Release|Any CPU
	EndGlobalSection
	GlobalSection(ProjectConfigurationPlatforms) = postSolution
		{5371E51A-00D1-4AE0-919E-F0271C403A79}.Debug|Any CPU.ActiveCfg = Debug|Any CPU
		{5371E51A-00D1-4AE0-919E-F0271C403A79}.Debug|Any CPU.Build.0 = Debug|Any CPU
		{5371E51A-00D1-4AE0-919E-F0271C403A79}.Release|Any CPU.ActiveCfg = Release|Any CPU
		{5371E51A-00D1-4AE0-919E-F0271C403A79}.Release|Any CPU.Build.0 = Release|Any CPU
		{53FEA319-6F18-4735-804F-A2D0342CD57E}.Debug|Any CPU.ActiveCfg = Debug|Any CPU
		{53FEA319-6F18-4735-804F-A2D0342CD57E}.Debug|Any CPU.Build.0 = Debug|Any CPU
		{53FEA319-6F18-4735-804F-A2D0342CD57E}.Release|Any CPU.ActiveCfg = Release|Any CPU
		{53FEA319-6F18-4735-804F-A2D0342CD57E}.Release|Any CPU.Build.0 = Release|Any CPU
		{B1C37104-922C-4F16-AA44-59F2EE3F7880}.Debug|Any CPU.ActiveCfg = Debug|Any CPU
		{B1C37104-922C-4F16-AA44-59F2EE3F7880}.Debug|Any CPU.Build.0 = Debug|Any CPU
		{B1C37104-922C-4F16-AA44-59F2EE3F7880}.Release|Any CPU.ActiveCfg = Release|Any CPU
		{B1C37104-922C-4F16-AA44-59F2EE3F7880}.Release|Any CPU.Build.0 = Release|Any CPU
	EndGlobalSection
	GlobalSection(SolutionProperties) = preSolution
		HideSolutionNode = FALSE
	EndGlobalSection
EndGlobal
