
Microsoft Visual Studio Solution File, Format Version 12.00
# Visual Studio 2013
VisualStudioVersion = 12.0.21005.1
MinimumVisualStudioVersion = 10.0.40219.1
Project("{FAE04EC0-301F-11D3-BF4B-00C04F79EFBC}") = "WinFormPlugin", "WinFormPlugin\WinFormPlugin.csproj", "{A366F0D6-233E-495C-B057-927D74715732}"
EndProject
Project("{FAE04EC0-301F-11D3-BF4B-00C04F79EFBC}") = "PlugIn", "PlugIn\PlugIn.csproj", "{090CE7A9-D85E-40F4-AD72-4BB2DC8D7E88}"
EndProject
Project("{FAE04EC0-301F-11D3-BF4B-00C04F79EFBC}") = "Com.First", "Com.First\Com.First.csproj", "{C2C4841D-FD33-476F-96BD-3FB5182874C0}"
EndProject
Global
	GlobalSection(SolutionConfigurationPlatforms) = preSolution
		Debug|Any CPU = Debug|Any CPU
		Release|Any CPU = Release|Any CPU
	EndGlobalSection
	GlobalSection(ProjectConfigurationPlatforms) = postSolution
		{A366F0D6-233E-495C-B057-927D74715732}.Debug|Any CPU.ActiveCfg = Debug|Any CPU
		{A366F0D6-233E-495C-B057-927D74715732}.Debug|Any CPU.Build.0 = Debug|Any CPU
		{A366F0D6-233E-495C-B057-927D74715732}.Release|Any CPU.ActiveCfg = Release|Any CPU
		{A366F0D6-233E-495C-B057-927D74715732}.Release|Any CPU.Build.0 = Release|Any CPU
		{090CE7A9-D85E-40F4-AD72-4BB2DC8D7E88}.Debug|Any CPU.ActiveCfg = Debug|Any CPU
		{090CE7A9-D85E-40F4-AD72-4BB2DC8D7E88}.Debug|Any CPU.Build.0 = Debug|Any CPU
		{090CE7A9-D85E-40F4-AD72-4BB2DC8D7E88}.Release|Any CPU.ActiveCfg = Release|Any CPU
		{090CE7A9-D85E-40F4-AD72-4BB2DC8D7E88}.Release|Any CPU.Build.0 = Release|Any CPU
		{C2C4841D-FD33-476F-96BD-3FB5182874C0}.Debug|Any CPU.ActiveCfg = Debug|Any CPU
		{C2C4841D-FD33-476F-96BD-3FB5182874C0}.Debug|Any CPU.Build.0 = Debug|Any CPU
		{C2C4841D-FD33-476F-96BD-3FB5182874C0}.Release|Any CPU.ActiveCfg = Release|Any CPU
		{C2C4841D-FD33-476F-96BD-3FB5182874C0}.Release|Any CPU.Build.0 = Release|Any CPU
	EndGlobalSection
	GlobalSection(SolutionProperties) = preSolution
		HideSolutionNode = FALSE
	EndGlobalSection
EndGlobal
